{
  "name": "inertiax-ui",
  "version": "0.0.23",
  "lockfileVersion": 3,
  "requires": true,
  "packages": {
    "": {
      "name": "inertiax-ui",
      "version": "0.0.23",
      "dependencies": {
        "esm-env": "^1.2.2"
      },
      "peerDependencies": {
        "inertiax-svelte": "^11.0.18",
        "svelte": "^5.0.0"
      }
    },
    "node_modules/@jridgewell/gen-mapping": {
      "version": "0.3.13",
      "license": "MIT",
      "peer": true,
      "dependencies": {
        "@jridgewell/sourcemap-codec": "^1.5.0",
        "@jridgewell/trace-mapping": "^0.3.24"
      }
    },
    "node_modules/@jridgewell/remapping": {
      "version": "2.3.5",
      "license": "MIT",
      "peer": true,
      "dependencies": {
        "@jridgewell/gen-mapping": "^0.3.5",
        "@jridgewell/trace-mapping": "^0.3.24"
      }
    },
    "node_modules/@jridgewell/resolve-uri": {
      "version": "3.1.2",
      "license": "MIT",
      "peer": true,
      "engines": {
        "node": ">=6.0.0"
      }
    },
    "node_modules/@jridgewell/sourcemap-codec": {
      "version": "1.5.5",
      "license": "MIT",
      "peer": true
    },
    "node_modules/@jridgewell/trace-mapping": {
      "version": "0.3.31",
      "license": "MIT",
      "peer": true,
      "dependencies": {
        "@jridgewell/resolve-uri": "^3.1.0",
        "@jridgewell/sourcemap-codec": "^1.4.14"
      }
    },
    "node_modules/@sveltejs/acorn-typescript": {
      "version": "1.0.10",
      "license": "MIT",
      "peer": true,
      "peerDependencies": {
        "acorn": "^8.9.0"
      }
    },
    "node_modules/@types/estree": {
      "version": "1.0.9",
      "license": "MIT",
      "peer": true
    },
    "node_modules/@types/trusted-types": {
      "version": "2.0.7",
      "license": "MIT",
      "peer": true
    },
    "node_modules/acorn": {
      "version": "8.17.0",
      "license": "MIT",
      "peer": true,
      "bin": {
        "acorn": "bin/acorn"
      },
      "engines": {
        "node": ">=0.4.0"
      }
    },
    "node_modules/aria-query": {
      "version": "5.3.1",
      "license": "Apache-2.0",
      "peer": true,
      "engines": {
        "node": ">= 0.4"
      }
    },
    "node_modules/axobject-query": {
      "version": "4.1.0",
      "license": "Apache-2.0",
      "peer": true,
      "engines": {
        "node": ">= 0.4"
      }
    },
    "node_modules/clsx": {
      "version": "2.1.1",
      "license": "MIT",
      "peer": true,
      "engines": {
        "node": ">=6"
      }
    },
    "node_modules/devalue": {
      "version": "5.8.1",
      "license": "MIT",
      "peer": true
    },
    "node_modules/es-toolkit": {
      "version": "1.49.0",
      "license": "MIT",
      "peer": true,
      "workspaces": [
        "docs",
        "benchmarks"
      ]
    },
    "node_modules/esm-env": {
      "version": "1.2.2",
      "license": "MIT"
    },
    "node_modules/esrap": {
      "version": "2.2.13",
      "license": "MIT",
      "peer": true,
      "dependencies": {
        "@jridgewell/sourcemap-codec": "^1.4.15"
      },
      "peerDependencies": {
        "@typescript-eslint/types": "^8.2.0"
      },
      "peerDependenciesMeta": {
        "@typescript-eslint/types": {
          "optional": true
        }
      }
    },
    "node_modules/inertiax-core": {
      "version": "11.0.27",
      "license": "MIT",
      "peer": true,
      "dependencies": {
        "@jridgewell/trace-mapping": "^0.3.31",
        "es-toolkit": "^1.47.1",
        "laravel-precognition": "^2.0.0"
      },
      "peerDependencies": {
        "axios": "^1.15.2"
      },
      "peerDependenciesMeta": {
        "axios": {
          "optional": true
        }
      }
    },
    "node_modules/inertiax-svelte": {
      "version": "11.0.27",
      "license": "MIT",
      "peer": true,
      "dependencies": {
        "es-toolkit": "^1.47.1",
        "inertiax-core": "11.0.27",
        "laravel-precognition": "^2.0.0"
      },
      "peerDependencies": {
        "svelte": "^5.0.0"
      }
    },
    "node_modules/is-reference": {
      "version": "3.0.3",
      "license": "MIT",
      "peer": true,
      "dependencies": {
        "@types/estree": "^1.0.6"
      }
    },
    "node_modules/laravel-precognition": {
      "version": "2.0.0",
      "license": "MIT",
      "peer": true,
      "dependencies": {
        "es-toolkit": "^1.32.0"
      },
      "peerDependencies": {
        "axios": "^1.4.0"
      },
      "peerDependenciesMeta": {
        "axios": {
          "optional": true
        }
      }
    },
    "node_modules/locate-character": {
      "version": "3.0.0",
      "license": "MIT",
      "peer": true
    },
    "node_modules/magic-string": {
      "version": "0.30.21",
      "license": "MIT",
      "peer": true,
      "dependencies": {
        "@jridgewell/sourcemap-codec": "^1.5.5"
      }
    },
    "node_modules/svelte": {
      "version": "5.56.4",
      "license": "MIT",
      "peer": true,
      "dependencies": {
        "@jridgewell/remapping": "^2.3.4",
        "@jridgewell/sourcemap-codec": "^1.5.0",
        "@sveltejs/acorn-typescript": "^1.0.10",
        "@types/estree": "^1.0.5",
        "@types/trusted-types": "^2.0.7",
        "acorn": "^8.12.1",
        "aria-query": "5.3.1",
        "axobject-query": "^4.1.0",
        "clsx": "^2.1.1",
        "devalue": "^5.8.1",
        "esm-env": "^1.2.1",
        "esrap": "^2.2.12",
        "is-reference": "^3.0.3",
        "locate-character": "^3.0.0",
        "magic-string": "^0.30.11",
        "zimmerframe": "^1.1.2"
      },
      "engines": {
        "node": ">=18"
      }
    },
    "node_modules/zimmerframe": {
      "version": "1.1.4",
      "license": "MIT",
      "peer": true
    }
  }
}
